github.com/google/go-cmp v0.7.0 h1:wk8382ETsv4JYUZwIsn6YpYiWiBsYLSJiTsyBybVuN8=
github.com/google/go-cmp v0.7.0/go.mod h1:pXiqmnSA92OHEEa9HXL2W4E7lf9JzCmGVUdgjX3N/iU=
github.com/google/uuid v1.6.0 h1:NIvaJDMOsjHA8n1jAhLSgzrAzy1Hgr+hNrb57e+94F0=
github.com/google/uuid v1.6.0/go.mod h1:TIyPZe4MgqvfeYDBFedMoGGpEw/LqOeaOT+nhxU+yHo=
github.com/gorilla/mux v1.8.1 h1:TuBL49tXwgrFYWhqrNgrUNEY92u81SPhu7sTdzQEiWY=
github.com/gorilla/mux v1.8.1/go.mod h1:AKf9I4AEqPTmMytcMc0KkNouC66V3BtZ4qD5fmWSiMQ=
github.com/saichler/l8bus v0.0.0-20260320104145-f708e54617f0 h1:T8d/y+6Py4GIHFhZGZjAZVzE+oz6bUSPcnDWgLO5ry4=
github.com/saichler/l8bus v0.0.0-20260320104145-f708e54617f0/go.mod h1:ZK1m4Zqy9WhGVZXl5znHTr7+/r19rOytqwBqhH02Ui8=
github.com/saichler/l8business v0.0.0-20251227041835-66643028d545 h1:OoEIvLPynmyaUIPQRFP7gbmAO7vhz2z/LPGwXjg2QME=
github.com/saichler/l8business v0.0.0-20251227041835-66643028d545/go.mod h1:/QMjaACuft8W1Dj7e7G1CTIi7eA1tRn36BYxINQTafo=
github.com/saichler/l8collector/go v0.0.0-20260323004421-690489ba6cc3 h1:t5Y8X1+ueY6EJqPoEyVnWZz71Trf9poSSPA4k7XbofA=
github.com/saichler/l8collector/go v0.0.0-20260323004421-690489ba6cc3/go.mod h1:K6ingDfpVPg8+8T3y0cTX4MuoQbh7pdRlri9deHUhYM=
github.com/saichler/l8parser v0.0.0-20260320112318-708ed499f42c h1:VgLCJd1hdV4KjGWKdXD2Kg10+WyoaOcalwmeqLeGxMo=
github.com/saichler/l8parser v0.0.0-20260320112318-708ed499f42c/go.mod h1:PRw7kEhr7ciL/ERg0SqG80SWd1k1NRZoRY7bTKiibxc=
github.com/saichler/l8pollaris v0.0.0-20260320112831-4bda37975bd5 h1:OSKNrMssV45eBWr02xumUUYYvsdMQUUlgPZAEquUkIk=
github.com/saichler/l8pollaris v0.0.0-20260320112831-4bda37975bd5/go.mod h1:rKrN5hhpgU8hjfPZ6R8/iYN7UWhTZ4t168jcwa9HVMQ=
github.com/saichler/l8ql v0.0.0-20260322130921-a31581a0ab5f h1:dXbobK/1hPqtp4ys1JF9xueRj2JgZColFoXdMVH87zc=
github.com/saichler/l8ql v0.0.0-20260322130921-a31581a0ab5f/go.mod h1:boBPUwEYgpyyTcZcqqjDDYgqkjemEO7iR8kdOwkS1S0=
github.com/saichler/l8reflect v0.0.0-20260320113844-ab23d1971f13 h1:6oTNvl8736/htZjIbdMtG7fuRin2UBQxpr4OgEfytas=
github.com/saichler/l8reflect v0.0.0-20260320113844-ab23d1971f13/go.mod h1:yCkCd5JQKqKG+dr6h0HYDiLvNAB8uLUUOdWApnWUw24=
github.com/saichler/l8services v0.0.0-20260320113407-9e5ac8ff9c17 h1:v8t08TjXV8VAUeabzo+5YkIkW2omfuiS4OSFTL8wQm0=
github.com/saichler/l8services v0.0.0-20260320113407-9e5ac8ff9c17/go.mod h1:9c3fnIfjQmQ4kyk5Nm3+LsrRWOwmbXvIzK2Xmjf8f1c=
github.com/saichler/l8srlz v0.0.0-20260322124809-505a0d08f95d h1:r12x0ozovrtFsFs9CDtUT5kbJ7QycyAvgefBrgLyN+s=
github.com/saichler/l8srlz v0.0.0-20260322124809-505a0d08f95d/go.mod h1:uDYNwF/5JUA39cg47kX8k+Qh5sI5WjfxgrfmCX5zmwo=
github.com/saichler/l8types v0.0.0-20260322124716-5f58bfbb2b9e h1:MKjlbmdr6blKmQTzbMa6jlD6Ic1E9Mxx9kkC2oLSjXc=
github.com/saichler/l8types v0.0.0-20260322124716-5f58bfbb2b9e/go.mod h1:0+Snl9PYq+caqTu6OBVaw7mQVn0TrRY9OJz+GelHuM4=
github.com/saichler/l8utils v0.0.0-20260322182652-722ad1c4c3b9 h1:B8UcztHXNSXNLd0+hEfRqAd7P87bY8hiD75hs01qcYA=
github.com/saichler/l8utils v0.0.0-20260322182652-722ad1c4c3b9/go.mod h1:nKdvYAEGLyHfxPg09oR6OfkJ0SniSbPb+Zi6wr/D5LU=
github.com/saichler/l8web v0.0.0-20260320115130-eff45fba29e8 h1:GA279WIrX7kq9BDuwuXe2xO6BF/O/1qh956U33vUKg0=
github.com/saichler/l8web v0.0.0-20260320115130-eff45fba29e8/go.mod h1:r2j6dgKs41L+dwaSh3hQ9OJN0RnQP0C8NWxAbAn+c8c=
github.com/saichler/probler v0.0.0-20260322220154-5be3ac99d934 h1:YRv6kB8FxsXw+TP7puSpyJ/+bNQgBiygPY5QbVpzpPA=
github.com/saichler/probler v0.0.0-20260322220154-5be3ac99d934/go.mod h1:3SmozVci2+FIzlQkm7PuXcUxfG8Qjc+Nml1/0AJPQrc=
golang.org/x/crypto v0.49.0 h1:+Ng2ULVvLHnJ/ZFEq4KdcDd/cfjrrjjNSXNzxg0Y4U4=
golang.org/x/crypto v0.49.0/go.mod h1:ErX4dUh2UM+CFYiXZRTcMpEcN8b/1gxEuv3nODoYtCA=
golang.org/x/sys v0.42.0 h1:omrd2nAlyT5ESRdCLYdm3+fMfNFE/+Rf4bDIQImRJeo=
golang.org/x/sys v0.42.0/go.mod h1:4GL1E5IUh+htKOUEOaiffhrAeqysfVGipDYzABqnCmw=
golang.org/x/term v0.41.0 h1:QCgPso/Q3RTJx2Th4bDLqML4W6iJiaXFq2/ftQF13YU=
golang.org/x/term v0.41.0/go.mod h1:3pfBgksrReYfZ5lvYM0kSO0LIkAl4Yl2bXOkKP7Ec2A=
google.golang.org/protobuf v1.36.11 h1:fV6ZwhNocDyBLK0dj+fg8ektcVegBBuEolpbTQyBNVE=
google.golang.org/protobuf v1.36.11/go.mod h1:HTf+CrKn2C3g5S8VImy6tdcUvCska2kB7j23XfzDpco=
